
Microsoft Visual Studio Solution File, Format Version 12.00
# Visual Studio Version 17
VisualStudioVersion = 17.10.34928.147
MinimumVisualStudioVersion = 10.0.40219.1
Project("{FAE04EC0-301F-11D3-BF4B-00C04F79EFBC}") = "Galini-C#", "Galini-C#\Galini-C#.csproj", "{C76C09D4-2ED5-405C-8652-73A2C88C78DC}"
EndProject
Global
	GlobalSection(SolutionConfigurationPlatforms) = preSolution
		Debug|Any CPU = Debug|Any CPU
		Release|Any CPU = Release|Any CPU
	EndGlobalSection
	GlobalSection(ProjectConfigurationPlatforms) = postSolution
		{C76C09D4-2ED5-405C-8652-73A2C88C78DC}.Debug|Any CPU.ActiveCfg = Debug|Any CPU
		{C76C09D4-2ED5-405C-8652-73A2C88C78DC}.Debug|Any CPU.Build.0 = Debug|Any CPU
		{C76C09D4-2ED5-405C-8652-73A2C88C78DC}.Release|Any CPU.ActiveCfg = Release|Any CPU
		{C76C09D4-2ED5-405C-8652-73A2C88C78DC}.Release|Any CPU.Build.0 = Release|Any CPU
	EndGlobalSection
	GlobalSection(SolutionProperties) = preSolution
		HideSolutionNode = FALSE
	EndGlobalSection
	GlobalSection(ExtensibilityGlobals) = postSolution
		SolutionGuid = {9DF88778-FDF0-49F5-9603-BFEE4181FC88}
	EndGlobalSection
EndGlobal
